// !$*UTF8*$!
{
	archiveVersion = 1;
	classes = {
	};
	objectVersion = 46;
	objects = {

/* Begin PBXBuildFile section */
		1924156D1AD70BF30007C81D /* AppDelegate.swift in Sources */ = {isa = PBXBuildFile; fileRef = 1924156C1AD70BF30007C81D /* AppDelegate.swift */; };
		1924156F1AD70BF30007C81D /* ViewController.swift in Sources */ = {isa = PBXBuildFile; fileRef = 1924156E1AD70BF30007C81D /* ViewController.swift */; };
		192415721AD70BF30007C81D /* Main.storyboard in Resources */ = {isa = PBXBuildFile; fileRef = 192415701AD70BF30007C81D /* Main.storyboard */; };
		192415741AD70BF30007C81D /* Images.xcassets in Resources */ = {isa = PBXBuildFile; fileRef = 192415731AD70BF30007C81D /* Images.xcassets */; };
		192415771AD70BF30007C81D /* LaunchScreen.xib in Resources */ = {isa = PBXBuildFile; fileRef = 192415751AD70BF30007C81D /* LaunchScreen.xib */; };
		192415831AD70BF30007C81D /* ColorWheelTests.swift in Sources */ = {isa = PBXBuildFile; fileRef = 192415821AD70BF30007C81D /* ColorWheelTests.swift */; };
		1924158D1AD70C4A0007C81D /* ColorWheel.swift in Sources */ = {isa = PBXBuildFile; fileRef = 1924158C1AD70C4A0007C81D /* ColorWheel.swift */; };
/* End PBXBuildFile section */

/* Begin PBXContainerItemProxy section */
		1924157D1AD70BF30007C81D /* PBXContainerItemProxy */ = {
			isa = PBXContainerItemProxy;
			containerPortal = 1924155F1AD70BF30007C81D /* Project object */;
			proxyType = 1;
			remoteGlobalIDString = 192415661AD70BF30007C81D;
			remoteInfo = ColorWheel;
		};
/* End PBXContainerItemProxy section */

/* Begin PBXFileReference section */
		192415671AD70BF30007C81D /* ColorWheel.app */ = {isa = PBXFileReference; explicitFileType = wrapper.application; includeInIndex = 0; path = ColorWheel.app; sourceTree = BUILT_PRODUCTS_DIR; };
		1924156B1AD70BF30007C81D /* Info.plist */ = {isa = PBXFileReference; lastKnownFileType = text.plist.xml; path = Info.plist; sourceTree = "<group>"; };
		1924156C1AD70BF30007C81D /* AppDelegate.swift */ = {isa = PBXFileReference; lastKnownFileType = sourcecode.swift; path = AppDelegate.swift; sourceTree = "<group>"; };
		1924156E1AD70BF30007C81D /* ViewController.swift */ = {isa = PBXFileReference; lastKnownFileType = sourcecode.swift; path = ViewController.swift; sourceTree = "<group>"; };
		192415711AD70BF30007C81D /* Base */ = {isa = PBXFileReference; lastKnownFileType = file.storyboard; name = Base; path = Base.lproj/Main.storyboard; sourceTree = "<group>"; };
		192415731AD70BF30007C81D /* Images.xcassets */ = {isa = PBXFileReference; lastKnownFileType = folder.assetcatalog; path = Images.xcassets; sourceTree = "<group>"; };
		192415761AD70BF30007C81D /* Base */ = {isa = PBXFileReference; lastKnownFileType = file.xib; name = Base; path = Base.lproj/LaunchScreen.xib; sourceTree = "<group>"; };
		1924157C1AD70BF30007C81D /* ColorWheelTests.xctest */ = {isa = PBXFileReference; explicitFileType = wrapper.cfbundle; includeInIndex = 0; path = ColorWheelTests.xctest; sourceTree = BUILT_PRODUCTS_DIR; };
		192415811AD70BF30007C81D /* Info.plist */ = {isa = PBXFileReference; lastKnownFileType = text.plist.xml; path = Info.plist; sourceTree = "<group>"; };
		192415821AD70BF30007C81D /* ColorWheelTests.swift */ = {isa = PBXFileReference; lastKnownFileType = sourcecode.swift; path = ColorWheelTests.swift; sourceTree = "<group>"; };
		1924158C1AD70C4A0007C81D /* ColorWheel.swift */ = {isa = PBXFileReference; fileEncoding = 4; lastKnownFileType = sourcecode.swift; path = ColorWheel.swift; sourceTree = "<group>"; };
/* End PBXFileReference section */

/* Begin PBXFrameworksBuildPhase section */
		192415641AD70BF30007C81D /* Frameworks */ = {
			isa = PBXFrameworksBuildPhase;
			buildActionMask = 2147483647;
			files = (
			);
			runOnlyForDeploymentPostprocessing = 0;
		};
		192415791AD70BF30007C81D /* Frameworks */ = {
			isa = PBXFrameworksBuildPhase;
			buildActionMask = 2147483647;
			files = (
			);
			runOnlyForDeploymentPostprocessing = 0;
		};
/* End PBXFrameworksBuildPhase section */

/* Begin PBXGroup section */
		1924155E1AD70BF30007C81D = {
			isa = PBXGroup;
			children = (
				192415691AD70BF30007C81D /* ColorWheel */,
				1924157F1AD70BF30007C81D /* ColorWheelTests */,
				192415681AD70BF30007C81D /* Products */,
			);
			sourceTree = "<group>";
		};
		192415681AD70BF30007C81D /* Products */ = {
			isa = PBXGroup;
			children = (
				192415671AD70BF30007C81D /* ColorWheel.app */,
				1924157C1AD70BF30007C81D /* ColorWheelTests.xctest */,
			);
			name = Products;
			sourceTree = "<group>";
		};
		192415691AD70BF30007C81D /* ColorWheel */ = {
			isa = PBXGroup;
			children = (
				1924156C1AD70BF30007C81D /* AppDelegate.swift */,
				1924156E1AD70BF30007C81D /* ViewController.swift */,
				192415701AD70BF30007C81D /* Main.storyboard */,
				192415731AD70BF30007C81D /* Images.xcassets */,
				192415751AD70BF30007C81D /* LaunchScreen.xib */,
				1924156A1AD70BF30007C81D /* Supporting Files */,
				1924158C1AD70C4A0007C81D /* ColorWheel.swift */,
			);
			path = ColorWheel;
			sourceTree = "<group>";
		};
		1924156A1AD70BF30007C81D /* Supporting Files */ = {
			isa = PBXGroup;
			children = (
				1924156B1AD70BF30007C81D /* Info.plist */,
			);
			name = "Supporting Files";
			sourceTree = "<group>";
		};
		1924157F1AD70BF30007C81D /* ColorWheelTests */ = {
			isa = PBXGroup;
			children = (
				192415821AD70BF30007C81D /* ColorWheelTests.swift */,
				192415801AD70BF30007C81D /* Supporting Files */,
			);
			path = ColorWheelTests;
			sourceTree = "<group>";
		};
		192415801AD70BF30007C81D /* Supporting Files */ = {
			isa = PBXGroup;
			children = (
				192415811AD70BF30007C81D /* Info.plist */,
			);
			name = "Supporting Files";
			sourceTree = "<group>";
		};
/* End PBXGroup section */

/* Begin PBXNativeTarget section */
		192415661AD70BF30007C81D /* ColorWheel */ = {
			isa = PBXNativeTarget;
			buildConfigurationList = 192415861AD70BF30007C81D /* Build configuration list for PBXNativeTarget "ColorWheel" */;
			buildPhases = (
				192415631AD70BF30007C81D /* Sources */,
				192415641AD70BF30007C81D /* Frameworks */,
				192415651AD70BF30007C81D /* Resources */,
			);
			buildRules = (
			);
			dependencies = (
			);
			name = ColorWheel;
			productName = ColorWheel;
			productReference = 192415671AD70BF30007C81D /* ColorWheel.app */;
			productType = "com.apple.product-type.application";
		};
		1924157B1AD70BF30007C81D /* ColorWheelTests */ = {
			isa = PBXNativeTarget;
			buildConfigurationList = 192415891AD70BF30007C81D /* Build configuration list for PBXNativeTarget "ColorWheelTests" */;
			buildPhases = (
				192415781AD70BF30007C81D /* Sources */,
				192415791AD70BF30007C81D /* Frameworks */,
				1924157A1AD70BF30007C81D /* Resources */,
			);
			buildRules = (
			);
			dependencies = (
				1924157E1AD70BF30007C81D /* PBXTargetDependency */,
			);
			name = ColorWheelTests;
			productName = ColorWheelTests;
			productReference = 1924157C1AD70BF30007C81D /* ColorWheelTests.xctest */;
			productType = "com.apple.product-type.bundle.unit-test";
		};
/* End PBXNativeTarget section */

/* Begin PBXProject section */
		1924155F1AD70BF30007C81D /* Project object */ = {
			isa = PBXProject;
			attributes = {
				LastUpgradeCheck = 1100;
				ORGANIZATIONNAME = "MING Technology";
				TargetAttributes = {
					192415661AD70BF30007C81D = {
						CreatedOnToolsVersion = 6.3;
					};
					1924157B1AD70BF30007C81D = {
						CreatedOnToolsVersion = 6.3;
						TestTargetID = 192415661AD70BF30007C81D;
					};
				};
			};
			buildConfigurationList = 192415621AD70BF30007C81D /* Build configuration list for PBXProject "ColorWheel" */;
			compatibilityVersion = "Xcode 3.2";
			developmentRegion = en;
			hasScannedForEncodings = 0;
			knownRegions = (
				en,
				Base,
			);
			mainGroup = 1924155E1AD70BF30007C81D;
			productRefGroup = 192415681AD70BF30007C81D /* Products */;
			projectDirPath = "";
			projectRoot = "";
			targets = (
				192415661AD70BF30007C81D /* ColorWheel */,
				1924157B1AD70BF30007C81D /* ColorWheelTests */,
			);
		};
/* End PBXProject section */

/* Begin PBXResourcesBuildPhase section */
		192415651AD70BF30007C81D /* Resources */ = {
			isa = PBXResourcesBuildPhase;
			buildActionMask = 2147483647;
			files = (
				192415721AD70BF30007C81D /* Main.storyboard in Resources */,
				192415771AD70BF30007C81D /* LaunchScreen.xib in Resources */,
				192415741AD70BF30007C81D /* Images.xcassets in Resources */,
			);
			runOnlyForDeploymentPostprocessing = 0;
		};
		1924157A1AD70BF30007C81D /* Resources */ = {
			isa = PBXResourcesBuildPhase;
			buildActionMask = 2147483647;
			files = (
			);
			runOnlyForDeploymentPostprocessing = 0;
		};
/* End PBXResourcesBuildPhase section */

/* Begin PBXSourcesBuildPhase section */
		192415631AD70BF30007C81D /* Sources */ = {
			isa = PBXSourcesBuildPhase;
			buildActionMask = 2147483647;
			files = (
				1924156F1AD70BF30007C81D /* ViewController.swift in Sources */,
				1924156D1AD70BF30007C81D /* AppDelegate.swift in Sources */,
				1924158D1AD70C4A0007C81D /* ColorWheel.swift in Sources */,
			);
			runOnlyForDeploymentPostprocessing = 0;
		};
		192415781AD70BF30007C81D /* Sources */ = {
			isa = PBXSourcesBuildPhase;
			buildActionMask = 2147483647;
			files = (
				192415831AD70BF30007C81D /* ColorWheelTests.swift in Sources */,
			);
			runOnlyForDeploymentPostprocessing = 0;
		};
/* End PBXSourcesBuildPhase section */

/* Begin PBXTargetDependency section */
		1924157E1AD70BF30007C81D /* PBXTargetDependency */ = {
			isa = PBXTargetDependency;
			target = 192415661AD70BF30007C81D /* ColorWheel */;
			targetProxy = 1924157D1AD70BF30007C81D /* PBXContainerItemProxy */;
		};
/* End PBXTargetDependency section */

/* Begin PBXVariantGroup section */
		192415701AD70BF30007C81D /* Main.storyboard */ = {
			isa = PBXVariantGroup;
			children = (
				192415711AD70BF30007C81D /* Base */,
			);
			name = Main.storyboard;
			sourceTree = "<group>";
		};
		192415751AD70BF30007C81D /* LaunchScreen.xib */ = {
			isa = PBXVariantGroup;
			children = (
				192415761AD70BF30007C81D /* Base */,
			);
			name = LaunchScreen.xib;
			sourceTree = "<group>";
		};
/* End PBXVariantGroup section */

/* Begin XCBuildConfiguration section */
		192415841AD70BF30007C81D /* Debug */ = {
			isa = XCBuildConfiguration;
			buildSettings = {
				ALWAYS_SEARCH_USER_PATHS = NO;
				CLANG_CXX_LANGUAGE_STANDARD = "gnu++0x";
				CLANG_CXX_LIBRARY = "libc++";
				CLANG_ENABLE_MODULES = YES;
				CLANG_ENABLE_OBJC_ARC = YES;
				CLANG_WARN_BLOCK_CAPTURE_AUTORELEASING = YES;
				CLANG_WARN_BOOL_CONVERSION = YES;
				CLANG_WARN_COMMA = YES;
				CLANG_WARN_CONSTANT_CONVERSION = YES;
				CLANG_WARN_DEPRECATED_OBJC_IMPLEMENTATIONS = YES;
				CLANG_WARN_DIRECT_OBJC_ISA_USAGE = YES_ERROR;
				CLANG_WARN_EMPTY_BODY = YES;
				CLANG_WARN_ENUM_CONVERSION = YES;
				CLANG_WARN_INFINITE_RECURSION = YES;
				CLANG_WARN_INT_CONVERSION = YES;
				CLANG_WARN_NON_LITERAL_NULL_CONVERSION = YES;
				CLANG_WARN_OBJC_IMPLICIT_RETAIN_SELF = YES;
				CLANG_WARN_OBJC_LITERAL_CONVERSION = YES;
				CLANG_WARN_OBJC_ROOT_CLASS = YES_ERROR;
				CLANG_WARN_RANGE_LOOP_ANALYSIS = YES;
				CLANG_WARN_STRICT_PROTOTYPES = YES;
				CLANG_WARN_SUSPICIOUS_MOVE = YES;
				CLANG_WARN_UNREACHABLE_CODE = YES;
				CLANG_WARN__DUPLICATE_METHOD_MATCH = YES;
				"CODE_SIGN_IDENTITY[sdk=iphoneos*]" = "iPhone Developer";
				COPY_PHASE_STRIP = NO;
				DEBUG_INFORMATION_FORMAT = "dwarf-with-dsym";
				ENABLE_STRICT_OBJC_MSGSEND = YES;
				ENABLE_TESTABILITY = YES;
				GCC_C_LANGUAGE_STANDARD = gnu99;
				GCC_DYNAMIC_NO_PIC = NO;
				GCC_NO_COMMON_BLOCKS = YES;
				GCC_OPTIMIZATION_LEVEL = 0;
				GCC_PREPROCESSOR_DEFINITIONS = (
					"DEBUG=1",
					"$(inherited)",
				);
				GCC_SYMBOLS_PRIVATE_EXTERN = NO;
				GCC_WARN_64_TO_32_BIT_CONVERSION = YES;
				GCC_WARN_ABOUT_RETURN_TYPE = YES_ERROR;
				GCC_WARN_UNDECLARED_SELECTOR = YES;
				GCC_WARN_UNINITIALIZED_AUTOS = YES_AGGRESSIVE;
				GCC_WARN_UNUSED_FUNCTION = YES;
				GCC_WARN_UNUSED_VARIABLE = YES;
				IPHONEOS_DEPLOYMENT_TARGET = 8.3;
				MTL_ENABLE_DEBUG_INFO = YES;
				ONLY_ACTIVE_ARCH = YES;
				SDKROOT = iphoneos;
				SWIFT_OPTIMIZATION_LEVEL = "-Onone";
				SWIFT_VERSION = 5.0;
				TARGETED_DEVICE_FAMILY = "1,2";
			};
			name = Debug;
		};
		192415851AD70BF30007C81D /* Release */ = {
			isa = XCBuildConfiguration;
			buildSettings = {
				ALWAYS_SEARCH_USER_PATHS = NO;
				CLANG_CXX_LANGUAGE_STANDARD = "gnu++0x";
				CLANG_CXX_LIBRARY = "libc++";
				CLANG_ENABLE_MODULES = YES;
				CLANG_ENABLE_OBJC_ARC = YES;
				CLANG_WARN_BLOCK_CAPTURE_AUTORELEASING = YES;
				CLANG_WARN_BOOL_CONVERSION = YES;
				CLANG_WARN_COMMA = YES;
				CLANG_WARN_CONSTANT_CONVERSION = YES;
				CLANG_WARN_DEPRECATED_OBJC_IMPLEMENTATIONS = YES;
				CLANG_WARN_DIRECT_OBJC_ISA_USAGE = YES_ERROR;
				CLANG_WARN_EMPTY_BODY = YES;
				CLANG_WARN_ENUM_CONVERSION = YES;
				CLANG_WARN_INFINITE_RECURSION = YES;
				CLANG_WARN_INT_CONVERSION = YES;
				CLANG_WARN_NON_LITERAL_NULL_CONVERSION = YES;
				CLANG_WARN_OBJC_IMPLICIT_RETAIN_SELF = YES;
				CLANG_WARN_OBJC_LITERAL_CONVERSION = YES;
				CLANG_WARN_OBJC_ROOT_CLASS = YES_ERROR;
				CLANG_WARN_RANGE_LOOP_ANALYSIS = YES;
				CLANG_WARN_STRICT_PROTOTYPES = YES;
				CLANG_WARN_SUSPICIOUS_MOVE = YES;
				CLANG_WARN_UNREACHABLE_CODE = YES;
				CLANG_WARN__DUPLICATE_METHOD_MATCH = YES;
				"CODE_SIGN_IDENTITY[sdk=iphoneos*]" = "iPhone Developer";
				COPY_PHASE_STRIP = NO;
				DEBUG_INFORMATION_FORMAT = "dwarf-with-dsym";
				ENABLE_NS_ASSERTIONS = NO;
				ENABLE_STRICT_OBJC_MSGSEND = YES;
				GCC_C_LANGUAGE_STANDARD = gnu99;
				GCC_NO_COMMON_BLOCKS = YES;
				GCC_WARN_64_TO_32_BIT_CONVERSION = YES;
				GCC_WARN_ABOUT_RETURN_TYPE = YES_ERROR;
				GCC_WARN_UNDECLARED_SELECTOR = YES;
				GCC_WARN_UNINITIALIZED_AUTOS = YES_AGGRESSIVE;
				GCC_WARN_UNUSED_FUNCTION = YES;
				GCC_WARN_UNUSED_VARIABLE = YES;
				IPHONEOS_DEPLOYMENT_TARGET = 8.3;
				MTL_ENABLE_DEBUG_INFO = NO;
				SDKROOT = iphoneos;
				SWIFT_COMPILATION_MODE = wholemodule;
				SWIFT_VERSION = 5.0;
				TARGETED_DEVICE_FAMILY = "1,2";
				VALIDATE_PRODUCT = YES;
			};
			name = Release;
		};
		192415871AD70BF30007C81D /* Debug */ = {
			isa = XCBuildConfiguration;
			buildSettings = {
				ASSETCATALOG_COMPILER_APPICON_NAME = AppIcon;
				INFOPLIST_FILE = ColorWheel/Info.plist;
				LD_RUNPATH_SEARCH_PATHS = "$(inherited) @executable_path/Frameworks";
				PRODUCT_BUNDLE_IDENTIFIER = "co.mingtech.$(PRODUCT_NAME:rfc1034identifier)";
				PRODUCT_NAME = "$(TARGET_NAME)";
				SWIFT_VERSION = 5.0;
			};
			name = Debug;
		};
		192415881AD70BF30007C81D /* Release */ = {
			isa = XCBuildConfiguration;
			buildSettings = {
				ASSETCATALOG_COMPILER_APPICON_NAME = AppIcon;
				INFOPLIST_FILE = ColorWheel/Info.plist;
				LD_RUNPATH_SEARCH_PATHS = "$(inherited) @executable_path/Frameworks";
				PRODUCT_BUNDLE_IDENTIFIER = "co.mingtech.$(PRODUCT_NAME:rfc1034identifier)";
				PRODUCT_NAME = "$(TARGET_NAME)";
				SWIFT_VERSION = 5.0;
			};
			name = Release;
		};
		1924158A1AD70BF30007C81D /* Debug */ = {
			isa = XCBuildConfiguration;
			buildSettings = {
				BUNDLE_LOADER = "$(TEST_HOST)";
				FRAMEWORK_SEARCH_PATHS = (
					"$(SDKROOT)/Developer/Library/Frameworks",
					"$(inherited)",
				);
				GCC_PREPROCESSOR_DEFINITIONS = (
					"DEBUG=1",
					"$(inherited)",
				);
				INFOPLIST_FILE = ColorWheelTests/Info.plist;
				LD_RUNPATH_SEARCH_PATHS = "$(inherited) @executable_path/Frameworks @loader_path/Frameworks";
				PRODUCT_BUNDLE_IDENTIFIER = "co.mingtech.$(PRODUCT_NAME:rfc1034identifier)";
				PRODUCT_NAME = "$(TARGET_NAME)";
				TEST_HOST = "$(BUILT_PRODUCTS_DIR)/ColorWheel.app/ColorWheel";
			};
			name = Debug;
		};
		1924158B1AD70BF30007C81D /* Release */ = {
			isa = XCBuildConfiguration;
			buildSettings = {
				BUNDLE_LOADER = "$(TEST_HOST)";
				FRAMEWORK_SEARCH_PATHS = (
					"$(SDKROOT)/Developer/Library/Frameworks",
					"$(inherited)",
				);
				INFOPLIST_FILE = ColorWheelTests/Info.plist;
				LD_RUNPATH_SEARCH_PATHS = "$(inherited) @executable_path/Frameworks @loader_path/Frameworks";
				PRODUCT_BUNDLE_IDENTIFIER = "co.mingtech.$(PRODUCT_NAME:rfc1034identifier)";
				PRODUCT_NAME = "$(TARGET_NAME)";
				TEST_HOST = "$(BUILT_PRODUCTS_DIR)/ColorWheel.app/ColorWheel";
			};
			name = Release;
		};
/* End XCBuildConfiguration section */

/* Begin XCConfigurationList section */
		192415621AD70BF30007C81D /* Build configuration list for PBXProject "ColorWheel" */ = {
			isa = XCConfigurationList;
			buildConfigurations = (
				192415841AD70BF30007C81D /* Debug */,
				192415851AD70BF30007C81D /* Release */,
			);
			defaultConfigurationIsVisible = 0;
			defaultConfigurationName = Release;
		};
		192415861AD70BF30007C81D /* Build configuration list for PBXNativeTarget "ColorWheel" */ = {
			isa = XCConfigurationList;
			buildConfigurations = (
				192415871AD70BF30007C81D /* Debug */,
				192415881AD70BF30007C81D /* Release */,
			);
			defaultConfigurationIsVisible = 0;
			defaultConfigurationName = Release;
		};
		192415891AD70BF30007C81D /* Build configuration list for PBXNativeTarget "ColorWheelTests" */ = {
			isa = XCConfigurationList;
			buildConfigurations = (
				1924158A1AD70BF30007C81D /* Debug */,
				1924158B1AD70BF30007C81D /* Release */,
			);
			defaultConfigurationIsVisible = 0;
			defaultConfigurationName = Release;
		};
/* End XCConfigurationList section */
	};
	rootObject = 1924155F1AD70BF30007C81D /* Project object */;
}
